# @generated by Move, please check-in and do not edit manually.

[move]
version = 3
manifest_digest = "ABF312E406073C9FB2FABE921CCB9231A93E88B43AD27F17D3CA6BCCDC1CAFB3"
deps_digest = "F8BBB0CCB2491CA29A3DF03D6F92277A4F3574266507ACD77214D37ECA3F3082"
dependencies = [
  { id = "Sui", name = "Sui" },
]

[[move.package]]
id = "MoveStdlib"
source = { git = "https://github.com/MystenLabs/sui.git", rev = "testnet", subdir = "crates/sui-framework/packages/move-stdlib" }

[[move.package]]
id = "Sui"
source = { git = "https://github.com/MystenLabs/sui.git", rev = "testnet", subdir = "crates/sui-framework/packages/sui-framework" }

dependencies = [
  { id = "MoveStdlib", name = "MoveStdlib" },
]

[move.toolchain-version]
compiler-version = "1.60.0"
edition = "2024.beta"
flavor = "sui"

[env]

[env.testnet]
chain-id = "4c78adac"
original-published-id = "0xc1c7e98b6ec28ed8c722e8dba6dcadded25797a88b1778bdf3f9a754ed275274"
latest-published-id = "0xc1c7e98b6ec28ed8c722e8dba6dcadded25797a88b1778bdf3f9a754ed275274"
published-version = "1"
